// !$*UTF8*$!
{
	archiveVersion = 1;
	classes = {
	};
	objectVersion = 56;
	objects = {

/* Begin PBXBuildFile section */
		B045400E2EC48C4000675674 /* ResultsViewModel.swift in Sources */ = {isa = PBXBuildFile; fileRef = B045400D2EC48C4000675674 /* ResultsViewModel.swift */; };
		B04540102EC4906800675674 /* GameViewModel.swift in Sources */ = {isa = PBXBuildFile; fileRef = B045400F2EC4906800675674 /* GameViewModel.swift */; };
		B08BCC002EBBC1A0000DE635 /* AppDelegate.swift in Sources */ = {isa = PBXBuildFile; fileRef = B08BCBFF2EBBC1A0000DE635 /* AppDelegate.swift */; };
		B08BCC022EBBC1A0000DE635 /* SceneDelegate.swift in Sources */ = {isa = PBXBuildFile; fileRef = B08BCC012EBBC1A0000DE635 /* SceneDelegate.swift */; };
		B08BCC072EBBC1A0000DE635 /* Main.storyboard in Resources */ = {isa = PBXBuildFile; fileRef = B08BCC052EBBC1A0000DE635 /* Main.storyboard */; };
		B08BCC0C2EBBC1A2000DE635 /* Assets.xcassets in Resources */ = {isa = PBXBuildFile; fileRef = B08BCC0B2EBBC1A2000DE635 /* Assets.xcassets */; };
		B08BCC0F2EBBC1A2000DE635 /* LaunchScreen.storyboard in Resources */ = {isa = PBXBuildFile; fileRef = B08BCC0D2EBBC1A2000DE635 /* LaunchScreen.storyboard */; };
		B08BCC1A2EBBC1A3000DE635 /* task10Tests.swift in Sources */ = {isa = PBXBuildFile; fileRef = B08BCC192EBBC1A3000DE635 /* task10Tests.swift */; };
		B08BCC242EBBC1A3000DE635 /* task10UITests.swift in Sources */ = {isa = PBXBuildFile; fileRef = B08BCC232EBBC1A3000DE635 /* task10UITests.swift */; };
		B08BCC262EBBC1A3000DE635 /* task10UITestsLaunchTests.swift in Sources */ = {isa = PBXBuildFile; fileRef = B08BCC252EBBC1A3000DE635 /* task10UITestsLaunchTests.swift */; };
		B08BCC342EBBC33C000DE635 /* NewGameViewController.swift in Sources */ = {isa = PBXBuildFile; fileRef = B08BCC332EBBC33C000DE635 /* NewGameViewController.swift */; };
		B08BCC372EBBC697000DE635 /* NavigationController.swift in Sources */ = {isa = PBXBuildFile; fileRef = B08BCC362EBBC697000DE635 /* NavigationController.swift */; };
		B08BCC3A2EBBD259000DE635 /* +UIColor.swift in Sources */ = {isa = PBXBuildFile; fileRef = B08BCC392EBBD259000DE635 /* +UIColor.swift */; };
		B08BCC3E2EBBD7D3000DE635 /* Nunito-Regular.ttf in Resources */ = {isa = PBXBuildFile; fileRef = B08BCC3C2EBBD7D3000DE635 /* Nunito-Regular.ttf */; };
		B08BCC422EBBDFD1000DE635 /* Nanito-SemiBold.ttf in Resources */ = {isa = PBXBuildFile; fileRef = B08BCC412EBBDFD1000DE635 /* Nanito-SemiBold.ttf */; };
		B08BCC442EBBE23C000DE635 /* Nunito-ExtraBold.ttf in Resources */ = {isa = PBXBuildFile; fileRef = B08BCC432EBBE23C000DE635 /* Nunito-ExtraBold.ttf */; };
		B08BCC462EBBE86C000DE635 /* PlayerCollectionViewCell.swift in Sources */ = {isa = PBXBuildFile; fileRef = B08BCC452EBBE86C000DE635 /* PlayerCollectionViewCell.swift */; };
		B08BCC482EBC04BE000DE635 /* AddPlayerCell.swift in Sources */ = {isa = PBXBuildFile; fileRef = B08BCC472EBC04BE000DE635 /* AddPlayerCell.swift */; };
		B094A80A2EBCE53200C83139 /* AddPlayerViewController.swift in Sources */ = {isa = PBXBuildFile; fileRef = B094A8092EBCE53200C83139 /* AddPlayerViewController.swift */; };
		B094A80F2EBCF40900C83139 /* ResultsViewController.swift in Sources */ = {isa = PBXBuildFile; fileRef = B094A80E2EBCF40900C83139 /* ResultsViewController.swift */; };
		B094A8122EBCF5E100C83139 /* BaseViewController.swift in Sources */ = {isa = PBXBuildFile; fileRef = B094A8112EBCF5E100C83139 /* BaseViewController.swift */; };
		B094A8142EBCFE0900C83139 /* ScoreTableViewCell.swift in Sources */ = {isa = PBXBuildFile; fileRef = B094A8132EBCFE0900C83139 /* ScoreTableViewCell.swift */; };
		B09647892EC2516D007F17B7 /* task10.xcdatamodeld in Sources */ = {isa = PBXBuildFile; fileRef = B08BCC082EBBC1A0000DE635 /* task10.xcdatamodeld */; };
		B09801362EC5891B00162325 /* LetterCollectionViewCell.swift in Sources */ = {isa = PBXBuildFile; fileRef = B09801352EC5891B00162325 /* LetterCollectionViewCell.swift */; };
		B09801382EC5942400162325 /* TurnModel.swift in Sources */ = {isa = PBXBuildFile; fileRef = B09801372EC5942400162325 /* TurnModel.swift */; };
		B098013A2EC5947800162325 /* TurnService.swift in Sources */ = {isa = PBXBuildFile; fileRef = B09801392EC5947800162325 /* TurnService.swift */; };
		B098D1052EC86C8600ADECDB /* GameViewController.swift in Sources */ = {isa = PBXBuildFile; fileRef = B094A80C2EBCF34D00C83139 /* GameViewController.swift */; };
		B09A1AF22EC237B80082018C /* CoreDataManager.swift in Sources */ = {isa = PBXBuildFile; fileRef = B09A1AF12EC237B80082018C /* CoreDataManager.swift */; };
		B09A1AF92EC23AD80082018C /* UserService.swift in Sources */ = {isa = PBXBuildFile; fileRef = B09A1AF82EC23AD80082018C /* UserService.swift */; };
		B09A1AFB2EC23B850082018C /* NewGameViewModel.swift in Sources */ = {isa = PBXBuildFile; fileRef = B09A1AFA2EC23B850082018C /* NewGameViewModel.swift */; };
		B09A1AFE2EC24D7C0082018C /* AddPlayerViewModel.swift in Sources */ = {isa = PBXBuildFile; fileRef = B09A1AFD2EC24D7C0082018C /* AddPlayerViewModel.swift */; };
		B09A1B002EC24E8E0082018C /* UserModel.swift in Sources */ = {isa = PBXBuildFile; fileRef = B09A1AF62EC239EE0082018C /* UserModel.swift */; };
		B09C74C02ECB6B6100BE6BE0 /* NavigationStackManager.swift in Sources */ = {isa = PBXBuildFile; fileRef = B09C74BF2ECB6B6100BE6BE0 /* NavigationStackManager.swift */; };
		B09DCD6C2EBE569A006AC386 /* DragButton.swift in Sources */ = {isa = PBXBuildFile; fileRef = B09DCD6B2EBE569A006AC386 /* DragButton.swift */; };
		B09DCD6E2EBF99B7006AC386 /* TurnTableViewCell.swift in Sources */ = {isa = PBXBuildFile; fileRef = B09DCD6D2EBF99B7006AC386 /* TurnTableViewCell.swift */; };
		B09DEE542EC0D96200F65A55 /* GamePlayerViewCell.swift in Sources */ = {isa = PBXBuildFile; fileRef = B09DEE532EC0D96200F65A55 /* GamePlayerViewCell.swift */; };
		B09DEE562EC0F3BC00F65A55 /* AddPointsCollectionViewCell.swift in Sources */ = {isa = PBXBuildFile; fileRef = B09DEE552EC0F3BC00F65A55 /* AddPointsCollectionViewCell.swift */; };
		B0A502BC2ECCB9C200A5C859 /* TimerService.swift in Sources */ = {isa = PBXBuildFile; fileRef = B0A502BA2ECCB9B900A5C859 /* TimerService.swift */; };
		B0A7B0E52ED08766003D8C4D /* GameStateService.swift in Sources */ = {isa = PBXBuildFile; fileRef = B0A7B0E42ED08766003D8C4D /* GameStateService.swift */; };
/* End PBXBuildFile section */

/* Begin PBXContainerItemProxy section */
		B08BCC162EBBC1A3000DE635 /* PBXContainerItemProxy */ = {
			isa = PBXContainerItemProxy;
			containerPortal = B08BCBF42EBBC1A0000DE635 /* Project object */;
			proxyType = 1;
			remoteGlobalIDString = B08BCBFB2EBBC1A0000DE635;
			remoteInfo = task10;
		};
		B08BCC202EBBC1A3000DE635 /* PBXContainerItemProxy */ = {
			isa = PBXContainerItemProxy;
			containerPortal = B08BCBF42EBBC1A0000DE635 /* Project object */;
			proxyType = 1;
			remoteGlobalIDString = B08BCBFB2EBBC1A0000DE635;
			remoteInfo = task10;
		};
/* End PBXContainerItemProxy section */

/* Begin PBXFileReference section */
		B045400D2EC48C4000675674 /* ResultsViewModel.swift */ = {isa = PBXFileReference; lastKnownFileType = sourcecode.swift; path = ResultsViewModel.swift; sourceTree = "<group>"; };
		B045400F2EC4906800675674 /* GameViewModel.swift */ = {isa = PBXFileReference; lastKnownFileType = sourcecode.swift; path = GameViewModel.swift; sourceTree = "<group>"; };
		B08BCBFC2EBBC1A0000DE635 /* task10.app */ = {isa = PBXFileReference; explicitFileType = wrapper.application; includeInIndex = 0; path = task10.app; sourceTree = BUILT_PRODUCTS_DIR; };
		B08BCBFF2EBBC1A0000DE635 /* AppDelegate.swift */ = {isa = PBXFileReference; lastKnownFileType = sourcecode.swift; path = AppDelegate.swift; sourceTree = "<group>"; };
		B08BCC012EBBC1A0000DE635 /* SceneDelegate.swift */ = {isa = PBXFileReference; lastKnownFileType = sourcecode.swift; path = SceneDelegate.swift; sourceTree = "<group>"; };
		B08BCC062EBBC1A0000DE635 /* Base */ = {isa = PBXFileReference; lastKnownFileType = file.storyboard; name = Base; path = Base.lproj/Main.storyboard; sourceTree = "<group>"; };
		B08BCC092EBBC1A0000DE635 /* task10.xcdatamodel */ = {isa = PBXFileReference; lastKnownFileType = wrapper.xcdatamodel; path = task10.xcdatamodel; sourceTree = "<group>"; };
		B08BCC0B2EBBC1A2000DE635 /* Assets.xcassets */ = {isa = PBXFileReference; lastKnownFileType = folder.assetcatalog; path = Assets.xcassets; sourceTree = "<group>"; };
		B08BCC0E2EBBC1A2000DE635 /* Base */ = {isa = PBXFileReference; lastKnownFileType = file.storyboard; name = Base; path = Base.lproj/LaunchScreen.storyboard; sourceTree = "<group>"; };
		B08BCC102EBBC1A2000DE635 /* Info.plist */ = {isa = PBXFileReference; lastKnownFileType = text.plist.xml; path = Info.plist; sourceTree = "<group>"; };
		B08BCC152EBBC1A3000DE635 /* task10Tests.xctest */ = {isa = PBXFileReference; explicitFileType = wrapper.cfbundle; includeInIndex = 0; path = task10Tests.xctest; sourceTree = BUILT_PRODUCTS_DIR; };
		B08BCC192EBBC1A3000DE635 /* task10Tests.swift */ = {isa = PBXFileReference; lastKnownFileType = sourcecode.swift; path = task10Tests.swift; sourceTree = "<group>"; };
		B08BCC1F2EBBC1A3000DE635 /* task10UITests.xctest */ = {isa = PBXFileReference; explicitFileType = wrapper.cfbundle; includeInIndex = 0; path = task10UITests.xctest; sourceTree = BUILT_PRODUCTS_DIR; };
		B08BCC232EBBC1A3000DE635 /* task10UITests.swift */ = {isa = PBXFileReference; lastKnownFileType = sourcecode.swift; path = task10UITests.swift; sourceTree = "<group>"; };
		B08BCC252EBBC1A3000DE635 /* task10UITestsLaunchTests.swift */ = {isa = PBXFileReference; lastKnownFileType = sourcecode.swift; path = task10UITestsLaunchTests.swift; sourceTree = "<group>"; };
		B08BCC332EBBC33C000DE635 /* NewGameViewController.swift */ = {isa = PBXFileReference; lastKnownFileType = sourcecode.swift; path = NewGameViewController.swift; sourceTree = "<group>"; };
		B08BCC362EBBC697000DE635 /* NavigationController.swift */ = {isa = PBXFileReference; lastKnownFileType = sourcecode.swift; path = NavigationController.swift; sourceTree = "<group>"; };
		B08BCC392EBBD259000DE635 /* +UIColor.swift */ = {isa = PBXFileReference; lastKnownFileType = sourcecode.swift; path = "+UIColor.swift"; sourceTree = "<group>"; };
		B08BCC3C2EBBD7D3000DE635 /* Nunito-Regular.ttf */ = {isa = PBXFileReference; lastKnownFileType = file; path = "Nunito-Regular.ttf"; sourceTree = "<group>"; };
		B08BCC412EBBDFD1000DE635 /* Nanito-SemiBold.ttf */ = {isa = PBXFileReference; lastKnownFileType = file; path = "Nanito-SemiBold.ttf"; sourceTree = "<group>"; };
		B08BCC432EBBE23C000DE635 /* Nunito-ExtraBold.ttf */ = {isa = PBXFileReference; lastKnownFileType = file; path = "Nunito-ExtraBold.ttf"; sourceTree = "<group>"; };
		B08BCC452EBBE86C000DE635 /* PlayerCollectionViewCell.swift */ = {isa = PBXFileReference; lastKnownFileType = sourcecode.swift; path = PlayerCollectionViewCell.swift; sourceTree = "<group>"; };
		B08BCC472EBC04BE000DE635 /* AddPlayerCell.swift */ = {isa = PBXFileReference; lastKnownFileType = sourcecode.swift; path = AddPlayerCell.swift; sourceTree = "<group>"; };
		B094A8092EBCE53200C83139 /* AddPlayerViewController.swift */ = {isa = PBXFileReference; lastKnownFileType = sourcecode.swift; path = AddPlayerViewController.swift; sourceTree = "<group>"; };
		B094A80C2EBCF34D00C83139 /* GameViewController.swift */ = {isa = PBXFileReference; lastKnownFileType = sourcecode.swift; path = GameViewController.swift; sourceTree = "<group>"; };
		B094A80E2EBCF40900C83139 /* ResultsViewController.swift */ = {isa = PBXFileReference; lastKnownFileType = sourcecode.swift; path = ResultsViewController.swift; sourceTree = "<group>"; };
		B094A8112EBCF5E100C83139 /* BaseViewController.swift */ = {isa = PBXFileReference; lastKnownFileType = sourcecode.swift; path = BaseViewController.swift; sourceTree = "<group>"; };
		B094A8132EBCFE0900C83139 /* ScoreTableViewCell.swift */ = {isa = PBXFileReference; lastKnownFileType = sourcecode.swift; path = ScoreTableViewCell.swift; sourceTree = "<group>"; };
		B09801352EC5891B00162325 /* LetterCollectionViewCell.swift */ = {isa = PBXFileReference; lastKnownFileType = sourcecode.swift; path = LetterCollectionViewCell.swift; sourceTree = "<group>"; };
		B09801372EC5942400162325 /* TurnModel.swift */ = {isa = PBXFileReference; lastKnownFileType = sourcecode.swift; path = TurnModel.swift; sourceTree = "<group>"; };
		B09801392EC5947800162325 /* TurnService.swift */ = {isa = PBXFileReference; lastKnownFileType = sourcecode.swift; path = TurnService.swift; sourceTree = "<group>"; };
		B09A1AF12EC237B80082018C /* CoreDataManager.swift */ = {isa = PBXFileReference; lastKnownFileType = sourcecode.swift; path = CoreDataManager.swift; sourceTree = "<group>"; };
		B09A1AF62EC239EE0082018C /* UserModel.swift */ = {isa = PBXFileReference; lastKnownFileType = sourcecode.swift; path = UserModel.swift; sourceTree = "<group>"; };
		B09A1AF82EC23AD80082018C /* UserService.swift */ = {isa = PBXFileReference; lastKnownFileType = sourcecode.swift; path = UserService.swift; sourceTree = "<group>"; };
		B09A1AFA2EC23B850082018C /* NewGameViewModel.swift */ = {isa = PBXFileReference; lastKnownFileType = sourcecode.swift; path = NewGameViewModel.swift; sourceTree = "<group>"; };
		B09A1AFD2EC24D7C0082018C /* AddPlayerViewModel.swift */ = {isa = PBXFileReference; lastKnownFileType = sourcecode.swift; path = AddPlayerViewModel.swift; sourceTree = "<group>"; };
		B09C74BF2ECB6B6100BE6BE0 /* NavigationStackManager.swift */ = {isa = PBXFileReference; lastKnownFileType = sourcecode.swift; path = NavigationStackManager.swift; sourceTree = "<group>"; };
		B09DCD6B2EBE569A006AC386 /* DragButton.swift */ = {isa = PBXFileReference; lastKnownFileType = sourcecode.swift; path = DragButton.swift; sourceTree = "<group>"; };
		B09DCD6D2EBF99B7006AC386 /* TurnTableViewCell.swift */ = {isa = PBXFileReference; lastKnownFileType = sourcecode.swift; path = TurnTableViewCell.swift; sourceTree = "<group>"; };
		B09DEE532EC0D96200F65A55 /* GamePlayerViewCell.swift */ = {isa = PBXFileReference; lastKnownFileType = sourcecode.swift; path = GamePlayerViewCell.swift; sourceTree = "<group>"; };
		B09DEE552EC0F3BC00F65A55 /* AddPointsCollectionViewCell.swift */ = {isa = PBXFileReference; lastKnownFileType = sourcecode.swift; path = AddPointsCollectionViewCell.swift; sourceTree = "<group>"; };
		B0A502BA2ECCB9B900A5C859 /* TimerService.swift */ = {isa = PBXFileReference; fileEncoding = 4; lastKnownFileType = sourcecode.swift; path = TimerService.swift; sourceTree = "<group>"; };
		B0A7B0E42ED08766003D8C4D /* GameStateService.swift */ = {isa = PBXFileReference; fileEncoding = 4; lastKnownFileType = sourcecode.swift; name = GameStateService.swift; path = task10/Helpers/GameStateService.swift; sourceTree = SOURCE_ROOT; };
/* End PBXFileReference section */

/* Begin PBXFrameworksBuildPhase section */
		B08BCBF92EBBC1A0000DE635 /* Frameworks */ = {
			isa = PBXFrameworksBuildPhase;
			buildActionMask = 2147483647;
			files = (
			);
			runOnlyForDeploymentPostprocessing = 0;
		};
		B08BCC122EBBC1A3000DE635 /* Frameworks */ = {
			isa = PBXFrameworksBuildPhase;
			buildActionMask = 2147483647;
			files = (
			);
			runOnlyForDeploymentPostprocessing = 0;
		};
		B08BCC1C2EBBC1A3000DE635 /* Frameworks */ = {
			isa = PBXFrameworksBuildPhase;
			buildActionMask = 2147483647;
			files = (
			);
			runOnlyForDeploymentPostprocessing = 0;
		};
/* End PBXFrameworksBuildPhase section */

/* Begin PBXGroup section */
		B08BCBF32EBBC1A0000DE635 = {
			isa = PBXGroup;
			children = (
				B08BCBFE2EBBC1A0000DE635 /* task10 */,
				B08BCC182EBBC1A3000DE635 /* task10Tests */,
				B08BCC222EBBC1A3000DE635 /* task10UITests */,
				B08BCBFD2EBBC1A0000DE635 /* Products */,
			);
			sourceTree = "<group>";
		};
		B08BCBFD2EBBC1A0000DE635 /* Products */ = {
			isa = PBXGroup;
			children = (
				B08BCBFC2EBBC1A0000DE635 /* task10.app */,
				B08BCC152EBBC1A3000DE635 /* task10Tests.xctest */,
				B08BCC1F2EBBC1A3000DE635 /* task10UITests.xctest */,
			);
			name = Products;
			sourceTree = "<group>";
		};
		B08BCBFE2EBBC1A0000DE635 /* task10 */ = {
			isa = PBXGroup;
			children = (
				B08BCC322EBBC2F9000DE635 /* NewGame */,
				B09A1AF32EC239CC0082018C /* Model */,
				B094A8102EBCF4BA00C83139 /* Results */,
				B094A80B2EBCF34200C83139 /* Game */,
				B094A8082EBCE4F900C83139 /* AddPlayer */,
				B08BCC3B2EBBD78D000DE635 /* Fonts */,
				B08BCC382EBBD21C000DE635 /* Helpers */,
				B08BCC102EBBC1A2000DE635 /* Info.plist */,
				B094A8112EBCF5E100C83139 /* BaseViewController.swift */,
				B08BCC352EBBC642000DE635 /* System */,
			);
			path = task10;
			sourceTree = "<group>";
		};
		B08BCC182EBBC1A3000DE635 /* task10Tests */ = {
			isa = PBXGroup;
			children = (
				B08BCC192EBBC1A3000DE635 /* task10Tests.swift */,
			);
			path = task10Tests;
			sourceTree = "<group>";
		};
		B08BCC222EBBC1A3000DE635 /* task10UITests */ = {
			isa = PBXGroup;
			children = (
				B08BCC232EBBC1A3000DE635 /* task10UITests.swift */,
				B08BCC252EBBC1A3000DE635 /* task10UITestsLaunchTests.swift */,
			);
			path = task10UITests;
			sourceTree = "<group>";
		};
		B08BCC322EBBC2F9000DE635 /* NewGame */ = {
			isa = PBXGroup;
			children = (
				B0A7B0E32ED08362003D8C4D /* View */,
				B0A7B0E22ED0835A003D8C4D /* ViewModel */,
				B08BCC332EBBC33C000DE635 /* NewGameViewController.swift */,
			);
			path = NewGame;
			sourceTree = "<group>";
		};
		B08BCC352EBBC642000DE635 /* System */ = {
			isa = PBXGroup;
			children = (
				B08BCC082EBBC1A0000DE635 /* task10.xcdatamodeld */,
				B08BCC0D2EBBC1A2000DE635 /* LaunchScreen.storyboard */,
				B08BCC052EBBC1A0000DE635 /* Main.storyboard */,
				B08BCC0B2EBBC1A2000DE635 /* Assets.xcassets */,
				B08BCC012EBBC1A0000DE635 /* SceneDelegate.swift */,
				B08BCBFF2EBBC1A0000DE635 /* AppDelegate.swift */,
				B08BCC362EBBC697000DE635 /* NavigationController.swift */,
				B09A1AF12EC237B80082018C /* CoreDataManager.swift */,
				B09C74BF2ECB6B6100BE6BE0 /* NavigationStackManager.swift */,
			);
			path = System;
			sourceTree = "<group>";
		};
		B08BCC382EBBD21C000DE635 /* Helpers */ = {
			isa = PBXGroup;
			children = (
				B0A7B0E42ED08766003D8C4D /* GameStateService.swift */,
				B0A502BA2ECCB9B900A5C859 /* TimerService.swift */,
				B08BCC392EBBD259000DE635 /* +UIColor.swift */,
			);
			path = Helpers;
			sourceTree = "<group>";
		};
		B08BCC3B2EBBD78D000DE635 /* Fonts */ = {
			isa = PBXGroup;
			children = (
				B08BCC432EBBE23C000DE635 /* Nunito-ExtraBold.ttf */,
				B08BCC412EBBDFD1000DE635 /* Nanito-SemiBold.ttf */,
				B08BCC3C2EBBD7D3000DE635 /* Nunito-Regular.ttf */,
			);
			path = Fonts;
			sourceTree = "<group>";
		};
		B094A8082EBCE4F900C83139 /* AddPlayer */ = {
			isa = PBXGroup;
			children = (
				B0A7B0E12ED0834F003D8C4D /* ViewModel */,
				B094A8092EBCE53200C83139 /* AddPlayerViewController.swift */,
			);
			path = AddPlayer;
			sourceTree = "<group>";
		};
		B094A80B2EBCF34200C83139 /* Game */ = {
			isa = PBXGroup;
			children = (
				B0A7B0E02ED08343003D8C4D /* View */,
				B0A7B0DF2ED0833A003D8C4D /* ViewModel */,
				B094A80C2EBCF34D00C83139 /* GameViewController.swift */,
			);
			path = Game;
			sourceTree = "<group>";
		};
		B094A8102EBCF4BA00C83139 /* Results */ = {
			isa = PBXGroup;
			children = (
				B0A7B0DE2ED08329003D8C4D /* View */,
				B0A7B0DD2ED08318003D8C4D /* ViewModel */,
				B094A80E2EBCF40900C83139 /* ResultsViewController.swift */,
			);
			path = Results;
			sourceTree = "<group>";
		};
		B09A1AF32EC239CC0082018C /* Model */ = {
			isa = PBXGroup;
			children = (
				B09A1AF62EC239EE0082018C /* UserModel.swift */,
				B09A1AF82EC23AD80082018C /* UserService.swift */,
				B09801372EC5942400162325 /* TurnModel.swift */,
				B09801392EC5947800162325 /* TurnService.swift */,
			);
			path = Model;
			sourceTree = "<group>";
		};
		B0A7B0DD2ED08318003D8C4D /* ViewModel */ = {
			isa = PBXGroup;
			children = (
				B045400D2EC48C4000675674 /* ResultsViewModel.swift */,
			);
			path = ViewModel;
			sourceTree = "<group>";
		};
		B0A7B0DE2ED08329003D8C4D /* View */ = {
			isa = PBXGroup;
			children = (
				B09DCD6D2EBF99B7006AC386 /* TurnTableViewCell.swift */,
				B094A8132EBCFE0900C83139 /* ScoreTableViewCell.swift */,
			);
			path = View;
			sourceTree = "<group>";
		};
		B0A7B0DF2ED0833A003D8C4D /* ViewModel */ = {
			isa = PBXGroup;
			children = (
				B045400F2EC4906800675674 /* GameViewModel.swift */,
			);
			path = ViewModel;
			sourceTree = "<group>";
		};
		B0A7B0E02ED08343003D8C4D /* View */ = {
			isa = PBXGroup;
			children = (
				B09801352EC5891B00162325 /* LetterCollectionViewCell.swift */,
				B09DEE552EC0F3BC00F65A55 /* AddPointsCollectionViewCell.swift */,
				B09DEE532EC0D96200F65A55 /* GamePlayerViewCell.swift */,
			);
			path = View;
			sourceTree = "<group>";
		};
		B0A7B0E12ED0834F003D8C4D /* ViewModel */ = {
			isa = PBXGroup;
			children = (
				B09A1AFD2EC24D7C0082018C /* AddPlayerViewModel.swift */,
			);
			path = ViewModel;
			sourceTree = "<group>";
		};
		B0A7B0E22ED0835A003D8C4D /* ViewModel */ = {
			isa = PBXGroup;
			children = (
				B09A1AFA2EC23B850082018C /* NewGameViewModel.swift */,
			);
			path = ViewModel;
			sourceTree = "<group>";
		};
		B0A7B0E32ED08362003D8C4D /* View */ = {
			isa = PBXGroup;
			children = (
				B08BCC472EBC04BE000DE635 /* AddPlayerCell.swift */,
				B09DCD6B2EBE569A006AC386 /* DragButton.swift */,
				B08BCC452EBBE86C000DE635 /* PlayerCollectionViewCell.swift */,
			);
			path = View;
			sourceTree = "<group>";
		};
/* End PBXGroup section */

/* Begin PBXNativeTarget section */
		B08BCBFB2EBBC1A0000DE635 /* task10 */ = {
			isa = PBXNativeTarget;
			buildConfigurationList = B08BCC292EBBC1A3000DE635 /* Build configuration list for PBXNativeTarget "task10" */;
			buildPhases = (
				B08BCBF82EBBC1A0000DE635 /* Sources */,
				B08BCBF92EBBC1A0000DE635 /* Frameworks */,
				B08BCBFA2EBBC1A0000DE635 /* Resources */,
			);
			buildRules = (
			);
			dependencies = (
			);
			name = task10;
			productName = task10;
			productReference = B08BCBFC2EBBC1A0000DE635 /* task10.app */;
			productType = "com.apple.product-type.application";
		};
		B08BCC142EBBC1A3000DE635 /* task10Tests */ = {
			isa = PBXNativeTarget;
			buildConfigurationList = B08BCC2C2EBBC1A3000DE635 /* Build configuration list for PBXNativeTarget "task10Tests" */;
			buildPhases = (
				B08BCC112EBBC1A3000DE635 /* Sources */,
				B08BCC122EBBC1A3000DE635 /* Frameworks */,
				B08BCC132EBBC1A3000DE635 /* Resources */,
			);
			buildRules = (
			);
			dependencies = (
				B08BCC172EBBC1A3000DE635 /* PBXTargetDependency */,
			);
			name = task10Tests;
			productName = task10Tests;
			productReference = B08BCC152EBBC1A3000DE635 /* task10Tests.xctest */;
			productType = "com.apple.product-type.bundle.unit-test";
		};
		B08BCC1E2EBBC1A3000DE635 /* task10UITests */ = {
			isa = PBXNativeTarget;
			buildConfigurationList = B08BCC2F2EBBC1A3000DE635 /* Build configuration list for PBXNativeTarget "task10UITests" */;
			buildPhases = (
				B08BCC1B2EBBC1A3000DE635 /* Sources */,
				B08BCC1C2EBBC1A3000DE635 /* Frameworks */,
				B08BCC1D2EBBC1A3000DE635 /* Resources */,
			);
			buildRules = (
			);
			dependencies = (
				B08BCC212EBBC1A3000DE635 /* PBXTargetDependency */,
			);
			name = task10UITests;
			productName = task10UITests;
			productReference = B08BCC1F2EBBC1A3000DE635 /* task10UITests.xctest */;
			productType = "com.apple.product-type.bundle.ui-testing";
		};
/* End PBXNativeTarget section */

/* Begin PBXProject section */
		B08BCBF42EBBC1A0000DE635 /* Project object */ = {
			isa = PBXProject;
			attributes = {
				BuildIndependentTargetsInParallel = 1;
				LastSwiftUpdateCheck = 1420;
				LastUpgradeCheck = 1420;
				TargetAttributes = {
					B08BCBFB2EBBC1A0000DE635 = {
						CreatedOnToolsVersion = 14.2;
					};
					B08BCC142EBBC1A3000DE635 = {
						CreatedOnToolsVersion = 14.2;
						TestTargetID = B08BCBFB2EBBC1A0000DE635;
					};
					B08BCC1E2EBBC1A3000DE635 = {
						CreatedOnToolsVersion = 14.2;
						TestTargetID = B08BCBFB2EBBC1A0000DE635;
					};
				};
			};
			buildConfigurationList = B08BCBF72EBBC1A0000DE635 /* Build configuration list for PBXProject "task10" */;
			compatibilityVersion = "Xcode 14.0";
			developmentRegion = en;
			hasScannedForEncodings = 0;
			knownRegions = (
				en,
				Base,
			);
			mainGroup = B08BCBF32EBBC1A0000DE635;
			productRefGroup = B08BCBFD2EBBC1A0000DE635 /* Products */;
			projectDirPath = "";
			projectRoot = "";
			targets = (
				B08BCBFB2EBBC1A0000DE635 /* task10 */,
				B08BCC142EBBC1A3000DE635 /* task10Tests */,
				B08BCC1E2EBBC1A3000DE635 /* task10UITests */,
			);
		};
/* End PBXProject section */

/* Begin PBXResourcesBuildPhase section */
		B08BCBFA2EBBC1A0000DE635 /* Resources */ = {
			isa = PBXResourcesBuildPhase;
			buildActionMask = 2147483647;
			files = (
				B08BCC0F2EBBC1A2000DE635 /* LaunchScreen.storyboard in Resources */,
				B08BCC0C2EBBC1A2000DE635 /* Assets.xcassets in Resources */,
				B08BCC3E2EBBD7D3000DE635 /* Nunito-Regular.ttf in Resources */,
				B08BCC442EBBE23C000DE635 /* Nunito-ExtraBold.ttf in Resources */,
				B08BCC072EBBC1A0000DE635 /* Main.storyboard in Resources */,
				B08BCC422EBBDFD1000DE635 /* Nanito-SemiBold.ttf in Resources */,
			);
			runOnlyForDeploymentPostprocessing = 0;
		};
		B08BCC132EBBC1A3000DE635 /* Resources */ = {
			isa = PBXResourcesBuildPhase;
			buildActionMask = 2147483647;
			files = (
			);
			runOnlyForDeploymentPostprocessing = 0;
		};
		B08BCC1D2EBBC1A3000DE635 /* Resources */ = {
			isa = PBXResourcesBuildPhase;
			buildActionMask = 2147483647;
			files = (
			);
			runOnlyForDeploymentPostprocessing = 0;
		};
/* End PBXResourcesBuildPhase section */

/* Begin PBXSourcesBuildPhase section */
		B08BCBF82EBBC1A0000DE635 /* Sources */ = {
			isa = PBXSourcesBuildPhase;
			buildActionMask = 2147483647;
			files = (
				B094A80F2EBCF40900C83139 /* ResultsViewController.swift in Sources */,
				B09DCD6E2EBF99B7006AC386 /* TurnTableViewCell.swift in Sources */,
				B09DEE542EC0D96200F65A55 /* GamePlayerViewCell.swift in Sources */,
				B09A1AFE2EC24D7C0082018C /* AddPlayerViewModel.swift in Sources */,
				B09647892EC2516D007F17B7 /* task10.xcdatamodeld in Sources */,
				B09A1AFB2EC23B850082018C /* NewGameViewModel.swift in Sources */,
				B09801382EC5942400162325 /* TurnModel.swift in Sources */,
				B08BCC002EBBC1A0000DE635 /* AppDelegate.swift in Sources */,
				B09A1B002EC24E8E0082018C /* UserModel.swift in Sources */,
				B09DCD6C2EBE569A006AC386 /* DragButton.swift in Sources */,
				B09A1AF22EC237B80082018C /* CoreDataManager.swift in Sources */,
				B08BCC342EBBC33C000DE635 /* NewGameViewController.swift in Sources */,
				B09C74C02ECB6B6100BE6BE0 /* NavigationStackManager.swift in Sources */,
				B04540102EC4906800675674 /* GameViewModel.swift in Sources */,
				B098D1052EC86C8600ADECDB /* GameViewController.swift in Sources */,
				B08BCC462EBBE86C000DE635 /* PlayerCollectionViewCell.swift in Sources */,
				B094A8122EBCF5E100C83139 /* BaseViewController.swift in Sources */,
				B0A502BC2ECCB9C200A5C859 /* TimerService.swift in Sources */,
				B09801362EC5891B00162325 /* LetterCollectionViewCell.swift in Sources */,
				B08BCC372EBBC697000DE635 /* NavigationController.swift in Sources */,
				B094A80A2EBCE53200C83139 /* AddPlayerViewController.swift in Sources */,
				B045400E2EC48C4000675674 /* ResultsViewModel.swift in Sources */,
				B08BCC482EBC04BE000DE635 /* AddPlayerCell.swift in Sources */,
				B09DEE562EC0F3BC00F65A55 /* AddPointsCollectionViewCell.swift in Sources */,
				B09A1AF92EC23AD80082018C /* UserService.swift in Sources */,
				B0A7B0E52ED08766003D8C4D /* GameStateService.swift in Sources */,
				B098013A2EC5947800162325 /* TurnService.swift in Sources */,
				B08BCC3A2EBBD259000DE635 /* +UIColor.swift in Sources */,
				B094A8142EBCFE0900C83139 /* ScoreTableViewCell.swift in Sources */,
				B08BCC022EBBC1A0000DE635 /* SceneDelegate.swift in Sources */,
			);
			runOnlyForDeploymentPostprocessing = 0;
		};
		B08BCC112EBBC1A3000DE635 /* Sources */ = {
			isa = PBXSourcesBuildPhase;
			buildActionMask = 2147483647;
			files = (
				B08BCC1A2EBBC1A3000DE635 /* task10Tests.swift in Sources */,
			);
			runOnlyForDeploymentPostprocessing = 0;
		};
		B08BCC1B2EBBC1A3000DE635 /* Sources */ = {
			isa = PBXSourcesBuildPhase;
			buildActionMask = 2147483647;
			files = (
				B08BCC262EBBC1A3000DE635 /* task10UITestsLaunchTests.swift in Sources */,
				B08BCC242EBBC1A3000DE635 /* task10UITests.swift in Sources */,
			);
			runOnlyForDeploymentPostprocessing = 0;
		};
/* End PBXSourcesBuildPhase section */

/* Begin PBXTargetDependency section */
		B08BCC172EBBC1A3000DE635 /* PBXTargetDependency */ = {
			isa = PBXTargetDependency;
			target = B08BCBFB2EBBC1A0000DE635 /* task10 */;
			targetProxy = B08BCC162EBBC1A3000DE635 /* PBXContainerItemProxy */;
		};
		B08BCC212EBBC1A3000DE635 /* PBXTargetDependency */ = {
			isa = PBXTargetDependency;
			target = B08BCBFB2EBBC1A0000DE635 /* task10 */;
			targetProxy = B08BCC202EBBC1A3000DE635 /* PBXContainerItemProxy */;
		};
/* End PBXTargetDependency section */

/* Begin PBXVariantGroup section */
		B08BCC052EBBC1A0000DE635 /* Main.storyboard */ = {
			isa = PBXVariantGroup;
			children = (
				B08BCC062EBBC1A0000DE635 /* Base */,
			);
			name = Main.storyboard;
			sourceTree = "<group>";
		};
		B08BCC0D2EBBC1A2000DE635 /* LaunchScreen.storyboard */ = {
			isa = PBXVariantGroup;
			children = (
				B08BCC0E2EBBC1A2000DE635 /* Base */,
			);
			name = LaunchScreen.storyboard;
			sourceTree = "<group>";
		};
/* End PBXVariantGroup section */

/* Begin XCBuildConfiguration section */
		B08BCC272EBBC1A3000DE635 /* Debug */ = {
			isa = XCBuildConfiguration;
			buildSettings = {
				ALWAYS_SEARCH_USER_PATHS = NO;
				CLANG_ANALYZER_NONNULL = YES;
				CLANG_ANALYZER_NUMBER_OBJECT_CONVERSION = YES_AGGRESSIVE;
				CLANG_CXX_LANGUAGE_STANDARD = "gnu++20";
				CLANG_ENABLE_MODULES = YES;
				CLANG_ENABLE_OBJC_ARC = YES;
				CLANG_ENABLE_OBJC_WEAK = YES;
				CLANG_WARN_BLOCK_CAPTURE_AUTORELEASING = YES;
				CLANG_WARN_BOOL_CONVERSION = YES;
				CLANG_WARN_COMMA = YES;
				CLANG_WARN_CONSTANT_CONVERSION = YES;
				CLANG_WARN_DEPRECATED_OBJC_IMPLEMENTATIONS = YES;
				CLANG_WARN_DIRECT_OBJC_ISA_USAGE = YES_ERROR;
				CLANG_WARN_DOCUMENTATION_COMMENTS = YES;
				CLANG_WARN_EMPTY_BODY = YES;
				CLANG_WARN_ENUM_CONVERSION = YES;
				CLANG_WARN_INFINITE_RECURSION = YES;
				CLANG_WARN_INT_CONVERSION = YES;
				CLANG_WARN_NON_LITERAL_NULL_CONVERSION = YES;
				CLANG_WARN_OBJC_IMPLICIT_RETAIN_SELF = YES;
				CLANG_WARN_OBJC_LITERAL_CONVERSION = YES;
				CLANG_WARN_OBJC_ROOT_CLASS = YES_ERROR;
				CLANG_WARN_QUOTED_INCLUDE_IN_FRAMEWORK_HEADER = YES;
				CLANG_WARN_RANGE_LOOP_ANALYSIS = YES;
				CLANG_WARN_STRICT_PROTOTYPES = YES;
				CLANG_WARN_SUSPICIOUS_MOVE = YES;
				CLANG_WARN_UNGUARDED_AVAILABILITY = YES_AGGRESSIVE;
				CLANG_WARN_UNREACHABLE_CODE = YES;
				CLANG_WARN__DUPLICATE_METHOD_MATCH = YES;
				COPY_PHASE_STRIP = NO;
				DEBUG_INFORMATION_FORMAT = dwarf;
				ENABLE_STRICT_OBJC_MSGSEND = YES;
				ENABLE_TESTABILITY = YES;
				GCC_C_LANGUAGE_STANDARD = gnu11;
				GCC_DYNAMIC_NO_PIC = NO;
				GCC_NO_COMMON_BLOCKS = YES;
				GCC_OPTIMIZATION_LEVEL = 0;
				GCC_PREPROCESSOR_DEFINITIONS = (
					"DEBUG=1",
					"$(inherited)",
				);
				GCC_WARN_64_TO_32_BIT_CONVERSION = YES;
				GCC_WARN_ABOUT_RETURN_TYPE = YES_ERROR;
				GCC_WARN_UNDECLARED_SELECTOR = YES;
				GCC_WARN_UNINITIALIZED_AUTOS = YES_AGGRESSIVE;
				GCC_WARN_UNUSED_FUNCTION = YES;
				GCC_WARN_UNUSED_VARIABLE = YES;
				IPHONEOS_DEPLOYMENT_TARGET = 16.2;
				MTL_ENABLE_DEBUG_INFO = INCLUDE_SOURCE;
				MTL_FAST_MATH = YES;
				ONLY_ACTIVE_ARCH = YES;
				SDKROOT = iphoneos;
				SWIFT_ACTIVE_COMPILATION_CONDITIONS = DEBUG;
				SWIFT_OPTIMIZATION_LEVEL = "-Onone";
			};
			name = Debug;
		};
		B08BCC282EBBC1A3000DE635 /* Release */ = {
			isa = XCBuildConfiguration;
			buildSettings = {
				ALWAYS_SEARCH_USER_PATHS = NO;
				CLANG_ANALYZER_NONNULL = YES;
				CLANG_ANALYZER_NUMBER_OBJECT_CONVERSION = YES_AGGRESSIVE;
				CLANG_CXX_LANGUAGE_STANDARD = "gnu++20";
				CLANG_ENABLE_MODULES = YES;
				CLANG_ENABLE_OBJC_ARC = YES;
				CLANG_ENABLE_OBJC_WEAK = YES;
				CLANG_WARN_BLOCK_CAPTURE_AUTORELEASING = YES;
				CLANG_WARN_BOOL_CONVERSION = YES;
				CLANG_WARN_COMMA = YES;
				CLANG_WARN_CONSTANT_CONVERSION = YES;
				CLANG_WARN_DEPRECATED_OBJC_IMPLEMENTATIONS = YES;
				CLANG_WARN_DIRECT_OBJC_ISA_USAGE = YES_ERROR;
				CLANG_WARN_DOCUMENTATION_COMMENTS = YES;
				CLANG_WARN_EMPTY_BODY = YES;
				CLANG_WARN_ENUM_CONVERSION = YES;
				CLANG_WARN_INFINITE_RECURSION = YES;
				CLANG_WARN_INT_CONVERSION = YES;
				CLANG_WARN_NON_LITERAL_NULL_CONVERSION = YES;
				CLANG_WARN_OBJC_IMPLICIT_RETAIN_SELF = YES;
				CLANG_WARN_OBJC_LITERAL_CONVERSION = YES;
				CLANG_WARN_OBJC_ROOT_CLASS = YES_ERROR;
				CLANG_WARN_QUOTED_INCLUDE_IN_FRAMEWORK_HEADER = YES;
				CLANG_WARN_RANGE_LOOP_ANALYSIS = YES;
				CLANG_WARN_STRICT_PROTOTYPES = YES;
				CLANG_WARN_SUSPICIOUS_MOVE = YES;
				CLANG_WARN_UNGUARDED_AVAILABILITY = YES_AGGRESSIVE;
				CLANG_WARN_UNREACHABLE_CODE = YES;
				CLANG_WARN__DUPLICATE_METHOD_MATCH = YES;
				COPY_PHASE_STRIP = NO;
				DEBUG_INFORMATION_FORMAT = "dwarf-with-dsym";
				ENABLE_NS_ASSERTIONS = NO;
				ENABLE_STRICT_OBJC_MSGSEND = YES;
				GCC_C_LANGUAGE_STANDARD = gnu11;
				GCC_NO_COMMON_BLOCKS = YES;
				GCC_WARN_64_TO_32_BIT_CONVERSION = YES;
				GCC_WARN_ABOUT_RETURN_TYPE = YES_ERROR;
				GCC_WARN_UNDECLARED_SELECTOR = YES;
				GCC_WARN_UNINITIALIZED_AUTOS = YES_AGGRESSIVE;
				GCC_WARN_UNUSED_FUNCTION = YES;
				GCC_WARN_UNUSED_VARIABLE = YES;
				IPHONEOS_DEPLOYMENT_TARGET = 16.2;
				MTL_ENABLE_DEBUG_INFO = NO;
				MTL_FAST_MATH = YES;
				SDKROOT = iphoneos;
				SWIFT_COMPILATION_MODE = wholemodule;
				SWIFT_OPTIMIZATION_LEVEL = "-O";
				VALIDATE_PRODUCT = YES;
			};
			name = Release;
		};
		B08BCC2A2EBBC1A3000DE635 /* Debug */ = {
			isa = XCBuildConfiguration;
			buildSettings = {
				ASSETCATALOG_COMPILER_APPICON_NAME = AppIcon;
				ASSETCATALOG_COMPILER_GLOBAL_ACCENT_COLOR_NAME = AccentColor;
				CODE_SIGN_STYLE = Automatic;
				CURRENT_PROJECT_VERSION = 1;
				DEVELOPMENT_TEAM = J5KZWD7PSW;
				GENERATE_INFOPLIST_FILE = YES;
				INFOPLIST_FILE = task10/Info.plist;
				INFOPLIST_KEY_LSApplicationCategoryType = "";
				INFOPLIST_KEY_UIApplicationSupportsIndirectInputEvents = YES;
				INFOPLIST_KEY_UILaunchStoryboardName = LaunchScreen;
				INFOPLIST_KEY_UIMainStoryboardFile = Main;
				INFOPLIST_KEY_UISupportedInterfaceOrientations_iPad = "UIInterfaceOrientationPortrait UIInterfaceOrientationPortraitUpsideDown UIInterfaceOrientationLandscapeLeft UIInterfaceOrientationLandscapeRight";
				INFOPLIST_KEY_UISupportedInterfaceOrientations_iPhone = "UIInterfaceOrientationPortrait UIInterfaceOrientationLandscapeLeft UIInterfaceOrientationLandscapeRight";
				LD_RUNPATH_SEARCH_PATHS = (
					"$(inherited)",
					"@executable_path/Frameworks",
				);
				MARKETING_VERSION = 1.0;
				PRODUCT_BUNDLE_IDENTIFIER = "-111.task10";
				PRODUCT_NAME = "$(TARGET_NAME)";
				SWIFT_EMIT_LOC_STRINGS = YES;
				SWIFT_VERSION = 5.0;
				TARGETED_DEVICE_FAMILY = "1,2";
			};
			name = Debug;
		};
		B08BCC2B2EBBC1A3000DE635 /* Release */ = {
			isa = XCBuildConfiguration;
			buildSettings = {
				ASSETCATALOG_COMPILER_APPICON_NAME = AppIcon;
				ASSETCATALOG_COMPILER_GLOBAL_ACCENT_COLOR_NAME = AccentColor;
				CODE_SIGN_STYLE = Automatic;
				CURRENT_PROJECT_VERSION = 1;
				DEVELOPMENT_TEAM = J5KZWD7PSW;
				GENERATE_INFOPLIST_FILE = YES;
				INFOPLIST_FILE = task10/Info.plist;
				INFOPLIST_KEY_LSApplicationCategoryType = "";
				INFOPLIST_KEY_UIApplicationSupportsIndirectInputEvents = YES;
				INFOPLIST_KEY_UILaunchStoryboardName = LaunchScreen;
				INFOPLIST_KEY_UIMainStoryboardFile = Main;
				INFOPLIST_KEY_UISupportedInterfaceOrientations_iPad = "UIInterfaceOrientationPortrait UIInterfaceOrientationPortraitUpsideDown UIInterfaceOrientationLandscapeLeft UIInterfaceOrientationLandscapeRight";
				INFOPLIST_KEY_UISupportedInterfaceOrientations_iPhone = "UIInterfaceOrientationPortrait UIInterfaceOrientationLandscapeLeft UIInterfaceOrientationLandscapeRight";
				LD_RUNPATH_SEARCH_PATHS = (
					"$(inherited)",
					"@executable_path/Frameworks",
				);
				MARKETING_VERSION = 1.0;
				PRODUCT_BUNDLE_IDENTIFIER = "-111.task10";
				PRODUCT_NAME = "$(TARGET_NAME)";
				SWIFT_EMIT_LOC_STRINGS = YES;
				SWIFT_VERSION = 5.0;
				TARGETED_DEVICE_FAMILY = "1,2";
			};
			name = Release;
		};
		B08BCC2D2EBBC1A3000DE635 /* Debug */ = {
			isa = XCBuildConfiguration;
			buildSettings = {
				ALWAYS_EMBED_SWIFT_STANDARD_LIBRARIES = YES;
				BUNDLE_LOADER = "$(TEST_HOST)";
				CODE_SIGN_STYLE = Automatic;
				CURRENT_PROJECT_VERSION = 1;
				DEVELOPMENT_TEAM = J5KZWD7PSW;
				GENERATE_INFOPLIST_FILE = YES;
				IPHONEOS_DEPLOYMENT_TARGET = 16.2;
				MARKETING_VERSION = 1.0;
				PRODUCT_BUNDLE_IDENTIFIER = "-111.task10Tests";
				PRODUCT_NAME = "$(TARGET_NAME)";
				SWIFT_EMIT_LOC_STRINGS = NO;
				SWIFT_VERSION = 5.0;
				TARGETED_DEVICE_FAMILY = "1,2";
				TEST_HOST = "$(BUILT_PRODUCTS_DIR)/task10.app/$(BUNDLE_EXECUTABLE_FOLDER_PATH)/task10";
			};
			name = Debug;
		};
		B08BCC2E2EBBC1A3000DE635 /* Release */ = {
			isa = XCBuildConfiguration;
			buildSettings = {
				ALWAYS_EMBED_SWIFT_STANDARD_LIBRARIES = YES;
				BUNDLE_LOADER = "$(TEST_HOST)";
				CODE_SIGN_STYLE = Automatic;
				CURRENT_PROJECT_VERSION = 1;
				DEVELOPMENT_TEAM = J5KZWD7PSW;
				GENERATE_INFOPLIST_FILE = YES;
				IPHONEOS_DEPLOYMENT_TARGET = 16.2;
				MARKETING_VERSION = 1.0;
				PRODUCT_BUNDLE_IDENTIFIER = "-111.task10Tests";
				PRODUCT_NAME = "$(TARGET_NAME)";
				SWIFT_EMIT_LOC_STRINGS = NO;
				SWIFT_VERSION = 5.0;
				TARGETED_DEVICE_FAMILY = "1,2";
				TEST_HOST = "$(BUILT_PRODUCTS_DIR)/task10.app/$(BUNDLE_EXECUTABLE_FOLDER_PATH)/task10";
			};
			name = Release;
		};
		B08BCC302EBBC1A3000DE635 /* Debug */ = {
			isa = XCBuildConfiguration;
			buildSettings = {
				ALWAYS_EMBED_SWIFT_STANDARD_LIBRARIES = YES;
				CODE_SIGN_STYLE = Automatic;
				CURRENT_PROJECT_VERSION = 1;
				DEVELOPMENT_TEAM = J5KZWD7PSW;
				GENERATE_INFOPLIST_FILE = YES;
				MARKETING_VERSION = 1.0;
				PRODUCT_BUNDLE_IDENTIFIER = "-111.task10UITests";
				PRODUCT_NAME = "$(TARGET_NAME)";
				SWIFT_EMIT_LOC_STRINGS = NO;
				SWIFT_VERSION = 5.0;
				TARGETED_DEVICE_FAMILY = "1,2";
				TEST_TARGET_NAME = task10;
			};
			name = Debug;
		};
		B08BCC312EBBC1A3000DE635 /* Release */ = {
			isa = XCBuildConfiguration;
			buildSettings = {
				ALWAYS_EMBED_SWIFT_STANDARD_LIBRARIES = YES;
				CODE_SIGN_STYLE = Automatic;
				CURRENT_PROJECT_VERSION = 1;
				DEVELOPMENT_TEAM = J5KZWD7PSW;
				GENERATE_INFOPLIST_FILE = YES;
				MARKETING_VERSION = 1.0;
				PRODUCT_BUNDLE_IDENTIFIER = "-111.task10UITests";
				PRODUCT_NAME = "$(TARGET_NAME)";
				SWIFT_EMIT_LOC_STRINGS = NO;
				SWIFT_VERSION = 5.0;
				TARGETED_DEVICE_FAMILY = "1,2";
				TEST_TARGET_NAME = task10;
			};
			name = Release;
		};
/* End XCBuildConfiguration section */

/* Begin XCConfigurationList section */
		B08BCBF72EBBC1A0000DE635 /* Build configuration list for PBXProject "task10" */ = {
			isa = XCConfigurationList;
			buildConfigurations = (
				B08BCC272EBBC1A3000DE635 /* Debug */,
				B08BCC282EBBC1A3000DE635 /* Release */,
			);
			defaultConfigurationIsVisible = 0;
			defaultConfigurationName = Release;
		};
		B08BCC292EBBC1A3000DE635 /* Build configuration list for PBXNativeTarget "task10" */ = {
			isa = XCConfigurationList;
			buildConfigurations = (
				B08BCC2A2EBBC1A3000DE635 /* Debug */,
				B08BCC2B2EBBC1A3000DE635 /* Release */,
			);
			defaultConfigurationIsVisible = 0;
			defaultConfigurationName = Release;
		};
		B08BCC2C2EBBC1A3000DE635 /* Build configuration list for PBXNativeTarget "task10Tests" */ = {
			isa = XCConfigurationList;
			buildConfigurations = (
				B08BCC2D2EBBC1A3000DE635 /* Debug */,
				B08BCC2E2EBBC1A3000DE635 /* Release */,
			);
			defaultConfigurationIsVisible = 0;
			defaultConfigurationName = Release;
		};
		B08BCC2F2EBBC1A3000DE635 /* Build configuration list for PBXNativeTarget "task10UITests" */ = {
			isa = XCConfigurationList;
			buildConfigurations = (
				B08BCC302EBBC1A3000DE635 /* Debug */,
				B08BCC312EBBC1A3000DE635 /* Release */,
			);
			defaultConfigurationIsVisible = 0;
			defaultConfigurationName = Release;
		};
/* End XCConfigurationList section */

/* Begin XCVersionGroup section */
		B08BCC082EBBC1A0000DE635 /* task10.xcdatamodeld */ = {
			isa = XCVersionGroup;
			children = (
				B08BCC092EBBC1A0000DE635 /* task10.xcdatamodel */,
			);
			currentVersion = B08BCC092EBBC1A0000DE635 /* task10.xcdatamodel */;
			path = task10.xcdatamodeld;
			sourceTree = "<group>";
			versionGroupType = wrapper.xcdatamodel;
		};
/* End XCVersionGroup section */
	};
	rootObject = B08BCBF42EBBC1A0000DE635 /* Project object */;
}
